
Microsoft Visual Studio Solution File, Format Version 12.00
# Visual Studio Version 16
VisualStudioVersion = 16.0.33920.266
MinimumVisualStudioVersion = 10.0.40219.1
Project("{FAE04EC0-301F-11D3-BF4B-00C04F79EFBC}") = "Course", "Course.csproj", "{18E09503-9A29-493E-B89A-D67C16A3DCFC}"
EndProject
Global
	GlobalSection(SolutionConfigurationPlatforms) = preSolution
		Debug|Any CPU = Debug|Any CPU
		Release|Any CPU = Release|Any CPU
	EndGlobalSection
	GlobalSection(ProjectConfigurationPlatforms) = postSolution
		{18E09503-9A29-493E-B89A-D67C16A3DCFC}.Debug|Any CPU.ActiveCfg = Debug|Any CPU
		{18E09503-9A29-493E-B89A-D67C16A3DCFC}.Debug|Any CPU.Build.0 = Debug|Any CPU
		{18E09503-9A29-493E-B89A-D67C16A3DCFC}.Release|Any CPU.ActiveCfg = Release|Any CPU
		{18E09503-9A29-493E-B89A-D67C16A3DCFC}.Release|Any CPU.Build.0 = Release|Any CPU
	EndGlobalSection
	GlobalSection(SolutionProperties) = preSolution
		HideSolutionNode = FALSE
	EndGlobalSection
	GlobalSection(ExtensibilityGlobals) = postSolution
		SolutionGuid = {E5B702CC-5E69-43E7-A2B3-A6C962425AB9}
	EndGlobalSection
EndGlobal
